
Microsoft Visual Studio Solution File, Format Version 12.00
# Visual Studio Version 16
VisualStudioVersion = 16.0.31729.503
MinimumVisualStudioVersion = 10.0.40219.1
Project("{FAE04EC0-301F-11D3-BF4B-00C04F79EFBC}") = "VitalMed.Server", "VitalMed\Server\VitalMed.Server.csproj", "{FC063705-886E-410E-B83F-50E3CB77DCCA}"
EndProject
Project("{FAE04EC0-301F-11D3-BF4B-00C04F79EFBC}") = "VitalMed.Client", "VitalMed\Client\VitalMed.Client.csproj", "{33AD55FA-2368-4D0F-ACC0-356BD23184FA}"
EndProject
Project("{FAE04EC0-301F-11D3-BF4B-00C04F79EFBC}") = "VitalMed.Shared", "VitalMed\Shared\VitalMed.Shared.csproj", "{44CE14C3-B9A4-4E20-87CF-C801091AD786}"
EndProject
Global
	GlobalSection(SolutionConfigurationPlatforms) = preSolution
		Debug|Any CPU = Debug|Any CPU
		Release|Any CPU = Release|Any CPU
	EndGlobalSection
	GlobalSection(ProjectConfigurationPlatforms) = postSolution
		{FC063705-886E-410E-B83F-50E3CB77DCCA}.Debug|Any CPU.ActiveCfg = Debug|Any CPU
		{FC063705-886E-410E-B83F-50E3CB77DCCA}.Debug|Any CPU.Build.0 = Debug|Any CPU
		{FC063705-886E-410E-B83F-50E3CB77DCCA}.Release|Any CPU.ActiveCfg = Release|Any CPU
		{FC063705-886E-410E-B83F-50E3CB77DCCA}.Release|Any CPU.Build.0 = Release|Any CPU
		{33AD55FA-2368-4D0F-ACC0-356BD23184FA}.Debug|Any CPU.ActiveCfg = Debug|Any CPU
		{33AD55FA-2368-4D0F-ACC0-356BD23184FA}.Debug|Any CPU.Build.0 = Debug|Any CPU
		{33AD55FA-2368-4D0F-ACC0-356BD23184FA}.Release|Any CPU.ActiveCfg = Release|Any CPU
		{33AD55FA-2368-4D0F-ACC0-356BD23184FA}.Release|Any CPU.Build.0 = Release|Any CPU
		{44CE14C3-B9A4-4E20-87CF-C801091AD786}.Debug|Any CPU.ActiveCfg = Debug|Any CPU
		{44CE14C3-B9A4-4E20-87CF-C801091AD786}.Debug|Any CPU.Build.0 = Debug|Any CPU
		{44CE14C3-B9A4-4E20-87CF-C801091AD786}.Release|Any CPU.ActiveCfg = Release|Any CPU
		{44CE14C3-B9A4-4E20-87CF-C801091AD786}.Release|Any CPU.Build.0 = Release|Any CPU
	EndGlobalSection
	GlobalSection(SolutionProperties) = preSolution
		HideSolutionNode = FALSE
	EndGlobalSection
	GlobalSection(ExtensibilityGlobals) = postSolution
		SolutionGuid = {348879DC-F727-4779-81AD-02C55183E30C}
	EndGlobalSection
EndGlobal
